github.com/ebitengine/debugui v0.2.0 h1:FPAgRRzB8QqsyRnMVlzyiVcZTg5l69BMpHlnHktdQg8=
github.com/ebitengine/debugui v0.2.0/go.mod h1:I9KvQiFgUVO+a3GntY7k+t6QZBESqwKcoegEbYuddw4=
github.com/ebitengine/gomobile v0.0.0-20260211053922-3d992dae95d1 h1:U8WldvN7/4cgo65U2fr2urv43/yhqYOK5FegFPPfI4M=
github.com/ebitengine/gomobile v0.0.0-20260211053922-3d992dae95d1/go.mod h1:J7sDBRQG9pJGMa9Z+h8l3flwk0yEKDzWeR57vA1LI5U=
github.com/ebitengine/hideconsole v1.0.0 h1:5J4U0kXF+pv/DhiXt5/lTz0eO5ogJ1iXb8Yj1yReDqE=
github.com/ebitengine/hideconsole v1.0.0/go.mod h1:hTTBTvVYWKBuxPr7peweneWdkUwEuHuB3C1R/ielR1A=
github.com/ebitengine/purego v0.10.0 h1:QIw4xfpWT6GWTzaW5XEKy3HXoqrJGx1ijYHzTF0/ISU=
github.com/ebitengine/purego v0.10.0/go.mod h1:iIjxzd6CiRiOG0UyXP+V1+jWqUXVjPKLAI0mRfJZTmQ=
github.com/go-text/typesetting v0.3.4 h1:YYurUOtEb9kGSOz4uE3k4OpBGsp1dDL8+fjCeaFamAU=
github.com/go-text/typesetting v0.3.4/go.mod h1:4qZCQphq4KSgGTAeI0uMEkVbROgfah8BuyF5LRYr7XY=
github.com/go-text/typesetting-utils v0.0.0-20260223113751-2d88ac90dae3 h1:drBZzMgdYPbmyXqOto4YhhJGrFIQCX94FpR4MzTCsos=
github.com/go-text/typesetting-utils v0.0.0-20260223113751-2d88ac90dae3/go.mod h1:3/62I4La/HBRX9TcTpBj4eipLiwzf+vhI+7whTc9V7o=
github.com/google/uuid v1.6.0 h1:NIvaJDMOsjHA8n1jAhLSgzrAzy1Hgr+hNrb57e+94F0=
github.com/google/uuid v1.6.0/go.mod h1:TIyPZe4MgqvfeYDBFedMoGGpEw/LqOeaOT+nhxU+yHo=
github.com/hajimehoshi/bitmapfont/v4 v4.1.0 h1:eE3qa5Do4qhowZVIHjsrX5pYyyPN6sAFWMsO7QREm3U=
github.com/hajimehoshi/bitmapfont/v4 v4.1.0/go.mod h1:/PD+aLjAJ0F2UoQx6hkOfXqWN7BkroDUMr5W+IT1dpE=
github.com/hajimehoshi/ebiten/v2 v2.9.9 h1:JdDag6Ndj12iD4lxQGG8kbsrh7ssj4Sbzth6r929H/M=
github.com/hajimehoshi/ebiten/v2 v2.9.9/go.mod h1:DAt4tnkYYpCvu3x9i1X/nK/vOruNXIlYq/tBXxnhrXM=
github.com/jezek/xgb v1.3.0 h1:Wa1pn4GVtcmNVAVB6/pnQVJ7xPFZVZ/W1Tc27msDhgI=
github.com/jezek/xgb v1.3.0/go.mod h1:nrhwO0FX/enq75I7Y7G8iN1ubpSGZEiA3v9e9GyRFlk=
github.com/pierrec/lz4/v4 v4.1.26 h1:GrpZw1gZttORinvzBdXPUXATeqlJjqUG/D87TKMnhjY=
github.com/pierrec/lz4/v4 v4.1.26/go.mod h1:EoQMVJgeeEOMsCqCzqFm2O0cJvljX2nGZjcRIPL34O4=
github.com/rivo/uniseg v0.4.7 h1:WUdvkW8uEhrYfLC4ZzdpI2ztxP1I582+49Oc5Mq64VQ=
github.com/rivo/uniseg v0.4.7/go.mod h1:FN3SvrM+Zdj16jyLfmOkMNblXMcoc8DfTHruCPUcx88=
github.com/setanarut/aseplayer v1.9.50 h1:6oyGoiljwzmDTJmjkfJLXvbzb6bw4uH4NG4haW3JRGM=
github.com/setanarut/aseplayer v1.9.50/go.mod h1:Tu/2Yzy06IK/UfPNvV3po4UmhlcgSFqULiwIqnPjfcI=
github.com/setanarut/aseprite v1.7.8 h1:bsrEaTX63XPC3YfnOk7/Tlmuf/5lqQ56ytYSull9IGE=
github.com/setanarut/aseprite v1.7.8/go.mod h1:+ARwfgkK95QHXSjEza4MfSteHT9wbgfMjBK1pPOeoXA=
github.com/setanarut/coll v1.5.4 h1:gDqL2ijqr1QXHiNHzU1oer5srOo2T+mQkLwXAMVr55s=
github.com/setanarut/coll v1.5.4/go.mod h1:C6mNKiDaeQb9Oao67FUBgR2xvUOpHEgjTv233l3LxRY=
github.com/setanarut/fastnoise v1.2.0 h1:3DEVEPLyavthZNyfR7ublCGmKKJ5rS1qAmdVjQ3zAc8=
github.com/setanarut/fastnoise v1.2.0/go.mod h1:LWmoGAILAZoCuYHS9H0Apz1rYISRxwRmSK6OQx5NChI=
github.com/setanarut/gog/v2 v2.3.0 h1:s2BMuS6NSceOnvS98dkP0SsTIlKjsmMXs2nygTgoRBo=
github.com/setanarut/gog/v2 v2.3.0/go.mod h1:qEDVyDM6w6ew7MBUuhkUx5KbN4SrFKV9dhAm7TU2jQ4=
github.com/setanarut/kamera/v2 v2.98.2 h1:eu8XQ/qO5v92zFhROwfd/BkoGe3RIPjW6FMqV7KDqCE=
github.com/setanarut/kamera/v2 v2.98.2/go.mod h1:bNVeukSFBqViDERK4SF1TJ9Awgkpz3iGt53n2+o+ETI=
github.com/setanarut/mathutils v1.0.4 h1:wQCKsK510ZAgJxjRvTsuy7vNdDVoCH6cpHRfwfqm0uU=
github.com/setanarut/mathutils v1.0.4/go.mod h1:3G4pj9dlHe09GqPD4YJog/6CiZQp6Nxhd8e7aEGq80E=
github.com/setanarut/tween v1.6.0 h1:MWmnDina+Zfaf6q/pZEavzfaAqzio8mx+puet3b7AN0=
github.com/setanarut/tween v1.6.0/go.mod h1:aj9sEdRNhvqWp4ODTU7H79sCMz2m/SHRsWPXaSwtyng=
github.com/setanarut/v v1.2.2 h1:oeivVtCk9OLkVAMpxwWqJN9XR6+8asQ/DXepQ0Y3rNs=
github.com/setanarut/v v1.2.2/go.mod h1:/EX95JGm9AilgfEaFCYlOz95IqJGVfCt/7r2i1rNRbw=
golang.org/x/image v0.38.0 h1:5l+q+Y9JDC7mBOMjo4/aPhMDcxEptsX+Tt3GgRQRPuE=
golang.org/x/image v0.38.0/go.mod h1:/3f6vaXC+6CEanU4KJxbcUZyEePbyKbaLoDOe4ehFYY=
golang.org/x/sync v0.20.0 h1:e0PTpb7pjO8GAtTs2dQ6jYa5BWYlMuX047Dco/pItO4=
golang.org/x/sync v0.20.0/go.mod h1:9xrNwdLfx4jkKbNva9FpL6vEN7evnE43NNNJQ2LF3+0=
golang.org/x/sys v0.42.0 h1:omrd2nAlyT5ESRdCLYdm3+fMfNFE/+Rf4bDIQImRJeo=
golang.org/x/sys v0.42.0/go.mod h1:4GL1E5IUh+htKOUEOaiffhrAeqysfVGipDYzABqnCmw=
golang.org/x/text v0.35.0 h1:JOVx6vVDFokkpaq1AEptVzLTpDe9KGpj5tR4/X+ybL8=
golang.org/x/text v0.35.0/go.mod h1:khi/HExzZJ2pGnjenulevKNX1W67CUy0AsXcNubPGCA=
